
Microsoft Visual Studio Solution File, Format Version 12.00
# Visual Studio 14
VisualStudioVersion = 14.0.23107.0
MinimumVisualStudioVersion = 10.0.40219.1
Project("{FAE04EC0-301F-11D3-BF4B-00C04F79EFBC}") = "AkkaHash", "AkkaHash\AkkaHash.csproj", "{AEF4101D-C2BA-475F-9832-72B232F9D57E}"
EndProject
Project("{FAE04EC0-301F-11D3-BF4B-00C04F79EFBC}") = "Hash.Shared", "Hash.Shared\Hash.Shared.csproj", "{371182B4-8847-4ED9-9ECC-20B67E3E1E78}"
EndProject
Project("{FAE04EC0-301F-11D3-BF4B-00C04F79EFBC}") = "AkkaHash.WorkerRole", "AkkaHash.WorkerRole\AkkaHash.WorkerRole.csproj", "{B4BC8EEE-CB80-4D69-AE38-83E12598C704}"
EndProject
Global
	GlobalSection(SolutionConfigurationPlatforms) = preSolution
		Debug|Any CPU = Debug|Any CPU
		Release|Any CPU = Release|Any CPU
	EndGlobalSection
	GlobalSection(ProjectConfigurationPlatforms) = postSolution
		{AEF4101D-C2BA-475F-9832-72B232F9D57E}.Debug|Any CPU.ActiveCfg = Debug|Any CPU
		{AEF4101D-C2BA-475F-9832-72B232F9D57E}.Debug|Any CPU.Build.0 = Debug|Any CPU
		{AEF4101D-C2BA-475F-9832-72B232F9D57E}.Release|Any CPU.ActiveCfg = Release|Any CPU
		{AEF4101D-C2BA-475F-9832-72B232F9D57E}.Release|Any CPU.Build.0 = Release|Any CPU
		{371182B4-8847-4ED9-9ECC-20B67E3E1E78}.Debug|Any CPU.ActiveCfg = Debug|Any CPU
		{371182B4-8847-4ED9-9ECC-20B67E3E1E78}.Debug|Any CPU.Build.0 = Debug|Any CPU
		{371182B4-8847-4ED9-9ECC-20B67E3E1E78}.Release|Any CPU.ActiveCfg = Release|Any CPU
		{371182B4-8847-4ED9-9ECC-20B67E3E1E78}.Release|Any CPU.Build.0 = Release|Any CPU
		{B4BC8EEE-CB80-4D69-AE38-83E12598C704}.Debug|Any CPU.ActiveCfg = Debug|Any CPU
		{B4BC8EEE-CB80-4D69-AE38-83E12598C704}.Debug|Any CPU.Build.0 = Debug|Any CPU
		{B4BC8EEE-CB80-4D69-AE38-83E12598C704}.Release|Any CPU.ActiveCfg = Release|Any CPU
		{B4BC8EEE-CB80-4D69-AE38-83E12598C704}.Release|Any CPU.Build.0 = Release|Any CPU
	EndGlobalSection
	GlobalSection(SolutionProperties) = preSolution
		HideSolutionNode = FALSE
	EndGlobalSection
EndGlobal
